{
    "name": "@smallwei/avue",
    "version": "1.2.6",
    "lockfileVersion": 1,
    "requires": true,
    "dependencies": {
        "vue-json-editor": {
            "version": "1.2.3",
            "resolved": "https://registry.npmjs.org/vue-json-editor/-/vue-json-editor-1.2.3.tgz",
            "integrity": "sha512-SkpTDTkzEiF9ikcnVWXEztrJPu70vB/Cq0r5ra0hWwDbD7sZwn2xmQrPvZnT9p87ZVRWt/aXt6v////IEWRj6Q==",
            "requires": {
                "vue": "2.5.17"
            },
            "dependencies": {
                "vue": {
                    "version": "2.5.17",
                    "resolved": "https://registry.npmjs.org/vue/-/vue-2.5.17.tgz",
                    "integrity": "sha512-mFbcWoDIJi0w0Za4emyLiW72Jae0yjANHbCVquMKijcavBGypqlF7zHRgMa5k4sesdv7hv2rB4JPdZfR+TPfhQ=="
                }
            }
        }
    }
}
