{
    "name": "@smallwei/avue",
    "version": "1.3.5",
    "lockfileVersion": 1,
    "requires": true,
    "dependencies": {
        "avue-plugin-ueditor": {
            "version": "0.0.2",
            "resolved": "https://registry.npmjs.org/avue-plugin-ueditor/-/avue-plugin-ueditor-0.0.2.tgz",
            "integrity": "sha512-dserHIGAfxUwRhdbN0x6tS06Md8YMi2AkZ8SMgIS+Rv6TqoBNR7Y33O2nsh8wGT9A6SgQK3B5desb8iCR5lUtg==",
            "requires": {
                "axios": "0.18.0",
                "vue": "2.5.17",
                "vue-quill-editor": "3.0.6",
                "vue-router": "3.0.1"
            },
            "dependencies": {
                "axios": {
                    "version": "0.18.0",
                    "resolved": "http://registry.npmjs.org/axios/-/axios-0.18.0.tgz",
                    "integrity": "sha1-MtU+SFHv3AoRmTts0AB4nXDAUQI=",
                    "requires": {
                        "follow-redirects": "1.5.9",
                        "is-buffer": "1.1.6"
                    }
                },
                "vue": {
                    "version": "2.5.17",
                    "resolved": "https://registry.npmjs.org/vue/-/vue-2.5.17.tgz",
                    "integrity": "sha512-mFbcWoDIJi0w0Za4emyLiW72Jae0yjANHbCVquMKijcavBGypqlF7zHRgMa5k4sesdv7hv2rB4JPdZfR+TPfhQ=="
                },
                "vue-router": {
                    "version": "3.0.1",
                    "resolved": "https://registry.npmjs.org/vue-router/-/vue-router-3.0.1.tgz",
                    "integrity": "sha512-vLLoY452L+JBpALMP5UHum9+7nzR9PeIBCghU9ZtJ1eWm6ieUI8Zb/DI3MYxH32bxkjzYV1LRjNv4qr8d+uX/w=="
                }
            }
        },
        "axios": {
            "version": "0.16.2",
            "resolved": "https://registry.npmjs.org/axios/-/axios-0.16.2.tgz",
            "integrity": "sha1-uk+S8XFn37q0CYN4VFS5rBScPG0=",
            "requires": {
                "follow-redirects": "1.5.9",
                "is-buffer": "1.1.6"
            }
        },
        "babel-runtime": {
            "version": "6.26.0",
            "resolved": "https://registry.npmjs.org/babel-runtime/-/babel-runtime-6.26.0.tgz",
            "integrity": "sha1-llxwWGaOgrVde/4E/yM3vItWR/4=",
            "requires": {
                "core-js": "2.5.7",
                "regenerator-runtime": "0.11.1"
            }
        },
        "clone": {
            "version": "2.1.2",
            "resolved": "https://registry.npmjs.org/clone/-/clone-2.1.2.tgz",
            "integrity": "sha1-G39Ln1kfHo+DZwQBYANFoCiHQ18="
        },
        "core-js": {
            "version": "2.5.7",
            "resolved": "https://registry.npmjs.org/core-js/-/core-js-2.5.7.tgz",
            "integrity": "sha512-RszJCAxg/PP6uzXVXL6BsxSXx/B05oJAQ2vkJRjyjrEcNVycaqOmNb5OTxZPE3xa5gwZduqza6L9JOCenh/Ecw=="
        },
        "debug": {
            "version": "3.1.0",
            "resolved": "https://registry.npmjs.org/debug/-/debug-3.1.0.tgz",
            "integrity": "sha512-OX8XqP7/1a9cqkxYw2yXss15f26NKWBpDXQd0/uK/KPqdQhxbPa994hnzjcE2VqQpDslf55723cKPUOGSmMY3g==",
            "requires": {
                "ms": "2.0.0"
            }
        },
        "deep-equal": {
            "version": "1.0.1",
            "resolved": "https://registry.npmjs.org/deep-equal/-/deep-equal-1.0.1.tgz",
            "integrity": "sha1-9dJgKStmDghO/0zbyfCK0yR0SLU="
        },
        "element-ui": {
            "version": "2.4.9",
            "resolved": "https://registry.npmjs.org/element-ui/-/element-ui-2.4.9.tgz",
            "integrity": "sha512-PO5FsPiemYEJxPzzP3fT7Dhy/MX7zVqpJ74Rp6p8nBH604E7ruwT0VkrGX4K4cgAXRfgo4BK3O03m4RbWYUebA==",
            "requires": {
                "async-validator": "1.8.5",
                "babel-helper-vue-jsx-merge-props": "2.0.3",
                "deepmerge": "1.5.2",
                "normalize-wheel": "1.0.1",
                "resize-observer-polyfill": "1.5.0",
                "throttle-debounce": "1.1.0"
            },
            "dependencies": {
                "async-validator": {
                    "version": "1.8.5",
                    "resolved": "https://registry.npmjs.org/async-validator/-/async-validator-1.8.5.tgz",
                    "integrity": "sha512-tXBM+1m056MAX0E8TL2iCjg8WvSyXu0Zc8LNtYqrVeyoL3+esHRZ4SieE9fKQyyU09uONjnMEjrNBMqT0mbvmA==",
                    "requires": {
                        "babel-runtime": "6.26.0"
                    }
                },
                "babel-helper-vue-jsx-merge-props": {
                    "version": "2.0.3",
                    "resolved": "https://registry.npmjs.org/babel-helper-vue-jsx-merge-props/-/babel-helper-vue-jsx-merge-props-2.0.3.tgz",
                    "integrity": "sha512-gsLiKK7Qrb7zYJNgiXKpXblxbV5ffSwR0f5whkPAaBAR4fhi6bwRZxX9wBlIc5M/v8CCkXUbXZL4N/nSE97cqg=="
                },
                "deepmerge": {
                    "version": "1.5.2",
                    "resolved": "https://registry.npmjs.org/deepmerge/-/deepmerge-1.5.2.tgz",
                    "integrity": "sha512-95k0GDqvBjZavkuvzx/YqVLv/6YYa17fz6ILMSf7neqQITCPbnfEnQvEgMPNjH4kgobe7+WIL0yJEHku+H3qtQ=="
                },
                "normalize-wheel": {
                    "version": "1.0.1",
                    "resolved": "https://registry.npmjs.org/normalize-wheel/-/normalize-wheel-1.0.1.tgz",
                    "integrity": "sha1-rsiGr/2wRQcNhWRH32Ls+GFG7EU="
                },
                "resize-observer-polyfill": {
                    "version": "1.5.0",
                    "resolved": "https://registry.npmjs.org/resize-observer-polyfill/-/resize-observer-polyfill-1.5.0.tgz",
                    "integrity": "sha512-M2AelyJDVR/oLnToJLtuDJRBBWUGUvvGigj1411hXhAdyFWqMaqHp7TixW3FpiLuVaikIcR1QL+zqoJoZlOgpg=="
                },
                "throttle-debounce": {
                    "version": "1.1.0",
                    "resolved": "https://registry.npmjs.org/throttle-debounce/-/throttle-debounce-1.1.0.tgz",
                    "integrity": "sha512-XH8UiPCQcWNuk2LYePibW/4qL97+ZQ1AN3FNXwZRBNPPowo/NRU5fAlDCSNBJIYCKbioZfuYtMhG4quqoJhVzg=="
                }
            }
        },
        "eventemitter3": {
            "version": "2.0.3",
            "resolved": "https://registry.npmjs.org/eventemitter3/-/eventemitter3-2.0.3.tgz",
            "integrity": "sha1-teEHm1n7XhuidxwKmTvgYKWMmbo="
        },
        "extend": {
            "version": "3.0.2",
            "resolved": "https://registry.npmjs.org/extend/-/extend-3.0.2.tgz",
            "integrity": "sha512-fjquC59cD7CyW6urNXK0FBufkZcoiGG80wTuPujX590cB5Ttln20E2UB4S/WARVqhXffZl2LNgS+gQdPIIim/g=="
        },
        "fast-diff": {
            "version": "1.1.2",
            "resolved": "https://registry.npmjs.org/fast-diff/-/fast-diff-1.1.2.tgz",
            "integrity": "sha512-KaJUt+M9t1qaIteSvjc6P3RbMdXsNhK61GRftR6SNxqmhthcd9MGIi4T+o0jD8LUSpSnSKXE20nLtJ3fOHxQig=="
        },
        "follow-redirects": {
            "version": "1.5.9",
            "resolved": "https://registry.npmjs.org/follow-redirects/-/follow-redirects-1.5.9.tgz",
            "integrity": "sha512-Bh65EZI/RU8nx0wbYF9shkFZlqLP+6WT/5FnA3cE/djNSuKNHJEinGGZgu/cQEkeeb2GdFOgenAmn8qaqYke2w==",
            "requires": {
                "debug": "3.1.0"
            }
        },
        "is-buffer": {
            "version": "1.1.6",
            "resolved": "https://registry.npmjs.org/is-buffer/-/is-buffer-1.1.6.tgz",
            "integrity": "sha512-NcdALwpXkTm5Zvvbk7owOUSvVvBKDgKP5/ewfXEznmQFfs4ZRmanOeKBTjRVjka3QFoN6XJ+9F3USqfHqTaU5w=="
        },
        "ms": {
            "version": "2.0.0",
            "resolved": "https://registry.npmjs.org/ms/-/ms-2.0.0.tgz",
            "integrity": "sha1-VgiurfwAvmwpAd9fmGF4jeDVl8g="
        },
        "object-assign": {
            "version": "4.1.1",
            "resolved": "https://registry.npmjs.org/object-assign/-/object-assign-4.1.1.tgz",
            "integrity": "sha1-IQmtx5ZYh8/AXLvUQsrIv7s2CGM="
        },
        "parchment": {
            "version": "1.1.4",
            "resolved": "http://registry.npmjs.org/parchment/-/parchment-1.1.4.tgz",
            "integrity": "sha512-J5FBQt/pM2inLzg4hEWmzQx/8h8D0CiDxaG3vyp9rKrQRSDgBlhjdP5jQGgosEajXPSQouXGHOmVdgo7QmJuOg=="
        },
        "quill": {
            "version": "1.3.6",
            "resolved": "http://registry.npmjs.org/quill/-/quill-1.3.6.tgz",
            "integrity": "sha512-K0mvhimWZN6s+9OQ249CH2IEPZ9JmkFuCQeHAOQax3EZ2nDJ3wfGh59mnlQaZV2i7u8eFarx6wAtvQKgShojug==",
            "requires": {
                "clone": "2.1.2",
                "deep-equal": "1.0.1",
                "eventemitter3": "2.0.3",
                "extend": "3.0.2",
                "parchment": "1.1.4",
                "quill-delta": "3.6.3"
            }
        },
        "quill-delta": {
            "version": "3.6.3",
            "resolved": "https://registry.npmjs.org/quill-delta/-/quill-delta-3.6.3.tgz",
            "integrity": "sha512-wdIGBlcX13tCHOXGMVnnTVFtGRLoP0imqxM696fIPwIf5ODIYUHIvHbZcyvGlZFiFhK5XzDC2lpjbxRhnM05Tg==",
            "requires": {
                "deep-equal": "1.0.1",
                "extend": "3.0.2",
                "fast-diff": "1.1.2"
            }
        },
        "regenerator-runtime": {
            "version": "0.11.1",
            "resolved": "https://registry.npmjs.org/regenerator-runtime/-/regenerator-runtime-0.11.1.tgz",
            "integrity": "sha512-MguG95oij0fC3QV3URf4V2SDYGJhJnJGqvIIgdECeODCT98wSWDAJ94SSuVpYQUoTcGUIL6L4yNB7j1DFFHSBg=="
        },
        "vue-json-editor": {
            "version": "1.2.3",
            "resolved": "https://registry.npmjs.org/vue-json-editor/-/vue-json-editor-1.2.3.tgz",
            "integrity": "sha512-SkpTDTkzEiF9ikcnVWXEztrJPu70vB/Cq0r5ra0hWwDbD7sZwn2xmQrPvZnT9p87ZVRWt/aXt6v////IEWRj6Q==",
            "requires": {
                "vue": "2.5.17"
            },
            "dependencies": {
                "vue": {
                    "version": "2.5.17",
                    "resolved": "https://registry.npmjs.org/vue/-/vue-2.5.17.tgz",
                    "integrity": "sha512-mFbcWoDIJi0w0Za4emyLiW72Jae0yjANHbCVquMKijcavBGypqlF7zHRgMa5k4sesdv7hv2rB4JPdZfR+TPfhQ=="
                }
            }
        },
        "vue-quill-editor": {
            "version": "3.0.6",
            "resolved": "https://registry.npmjs.org/vue-quill-editor/-/vue-quill-editor-3.0.6.tgz",
            "integrity": "sha512-g20oSZNWg8Hbu41Kinjd55e235qVWPLfg4NvsLW6d+DhgBTFbEuMpcWlUdrD6qT3+Noim6DRu18VLM9lVShXOQ==",
            "requires": {
                "object-assign": "4.1.1",
                "quill": "1.3.6"
            }
        }
    }
}
